
Microsoft Visual Studio Solution File, Format Version 12.00
# Visual Studio Version 16
VisualStudioVersion = 16.0.30611.23
MinimumVisualStudioVersion = 10.0.40219.1
Project("{9A19103F-16F7-4668-BE54-9A1E7A4F7556}") = "WebStore", "WebStore\WebStore.csproj", "{376E819D-BD88-4808-A7C7-E65A3852B7D2}"
EndProject
Project("{FAE04EC0-301F-11D3-BF4B-00C04F79EFBC}") = "WebStore.Domain", "WebStore.Domain\WebStore.Domain.csproj", "{3D7FF994-637E-42ED-9643-D72DBD09F585}"
EndProject
Global
	GlobalSection(SolutionConfigurationPlatforms) = preSolution
		Debug|Any CPU = Debug|Any CPU
		Release|Any CPU = Release|Any CPU
	EndGlobalSection
	GlobalSection(ProjectConfigurationPlatforms) = postSolution
		{376E819D-BD88-4808-A7C7-E65A3852B7D2}.Debug|Any CPU.ActiveCfg = Debug|Any CPU
		{376E819D-BD88-4808-A7C7-E65A3852B7D2}.Debug|Any CPU.Build.0 = Debug|Any CPU
		{376E819D-BD88-4808-A7C7-E65A3852B7D2}.Release|Any CPU.ActiveCfg = Release|Any CPU
		{376E819D-BD88-4808-A7C7-E65A3852B7D2}.Release|Any CPU.Build.0 = Release|Any CPU
		{3D7FF994-637E-42ED-9643-D72DBD09F585}.Debug|Any CPU.ActiveCfg = Debug|Any CPU
		{3D7FF994-637E-42ED-9643-D72DBD09F585}.Debug|Any CPU.Build.0 = Debug|Any CPU
		{3D7FF994-637E-42ED-9643-D72DBD09F585}.Release|Any CPU.ActiveCfg = Release|Any CPU
		{3D7FF994-637E-42ED-9643-D72DBD09F585}.Release|Any CPU.Build.0 = Release|Any CPU
	EndGlobalSection
	GlobalSection(SolutionProperties) = preSolution
		HideSolutionNode = FALSE
	EndGlobalSection
	GlobalSection(ExtensibilityGlobals) = postSolution
		SolutionGuid = {F488B6D4-D0B7-4DDE-9E21-4421D313E2A6}
	EndGlobalSection
EndGlobal
